
Microsoft Visual Studio Solution File, Format Version 12.00
Project("{2150E333-8FDC-42A3-9474-1A3956D46DE8}") = "Gui", "Gui", "{3B1BE6AD-BC35-4B1B-858C-8FF0B2A532B7}"
EndProject
Project("{FAE04EC0-301F-11D3-BF4B-00C04F79EFBC}") = "UI", "src\UI\UI.csproj", "{D07C8350-B505-4205-803C-A9B15795BE23}"
EndProject
Global
	GlobalSection(SolutionConfigurationPlatforms) = preSolution
		Debug|Any CPU = Debug|Any CPU
		Release|Any CPU = Release|Any CPU
	EndGlobalSection
	GlobalSection(NestedProjects) = preSolution
		{D07C8350-B505-4205-803C-A9B15795BE23} = {3B1BE6AD-BC35-4B1B-858C-8FF0B2A532B7}
	EndGlobalSection
	GlobalSection(ProjectConfigurationPlatforms) = postSolution
		{D07C8350-B505-4205-803C-A9B15795BE23}.Debug|Any CPU.ActiveCfg = Debug|Any CPU
		{D07C8350-B505-4205-803C-A9B15795BE23}.Debug|Any CPU.Build.0 = Debug|Any CPU
		{D07C8350-B505-4205-803C-A9B15795BE23}.Release|Any CPU.ActiveCfg = Release|Any CPU
		{D07C8350-B505-4205-803C-A9B15795BE23}.Release|Any CPU.Build.0 = Release|Any CPU
	EndGlobalSection
EndGlobal
